
Microsoft Visual Studio Solution File, Format Version 12.00
Project("{FAE04EC0-301F-11D3-BF4B-00C04F79EFBC}") = "NetworkConstants", "NetworkConstants\NetworkConstants.csproj", "{1E67D15B-1DDF-468F-A765-3277C4424DD9}"
EndProject
Project("{FAE04EC0-301F-11D3-BF4B-00C04F79EFBC}") = "ModifyColors", "ModifyColors\ModifyColors.csproj", "{EB695052-A3FE-4C65-A577-006413D26EF0}"
EndProject
Project("{FAE04EC0-301F-11D3-BF4B-00C04F79EFBC}") = "AutoSound", "AutoSound\AutoSound.csproj", "{56376A33-7212-4378-9655-9FA2DEAF9366}"
EndProject
Project("{FAE04EC0-301F-11D3-BF4B-00C04F79EFBC}") = "Server", "Server\Server.csproj", "{F83B3E1C-0581-4B83-B210-F537EBF4A47C}"
EndProject
Project("{FAE04EC0-301F-11D3-BF4B-00C04F79EFBC}") = "Client", "Client\Client.csproj", "{11F0B579-8BB2-48DF-B131-07383BF64B9B}"
EndProject
Project("{FAE04EC0-301F-11D3-BF4B-00C04F79EFBC}") = "NetMQ_DesktopClient", "NetMQ_DesktopClient\NetMQ_DesktopClient.csproj", "{76EAE3B7-CC33-4FC3-8512-EC4DF19B5440}"
EndProject
Global
	GlobalSection(SolutionConfigurationPlatforms) = preSolution
		Debug|Any CPU = Debug|Any CPU
		Release|Any CPU = Release|Any CPU
	EndGlobalSection
	GlobalSection(ProjectConfigurationPlatforms) = postSolution
		{1E67D15B-1DDF-468F-A765-3277C4424DD9}.Debug|Any CPU.ActiveCfg = Debug|Any CPU
		{1E67D15B-1DDF-468F-A765-3277C4424DD9}.Debug|Any CPU.Build.0 = Debug|Any CPU
		{1E67D15B-1DDF-468F-A765-3277C4424DD9}.Release|Any CPU.ActiveCfg = Release|Any CPU
		{1E67D15B-1DDF-468F-A765-3277C4424DD9}.Release|Any CPU.Build.0 = Release|Any CPU
		{EB695052-A3FE-4C65-A577-006413D26EF0}.Debug|Any CPU.ActiveCfg = Debug|Any CPU
		{EB695052-A3FE-4C65-A577-006413D26EF0}.Debug|Any CPU.Build.0 = Debug|Any CPU
		{EB695052-A3FE-4C65-A577-006413D26EF0}.Release|Any CPU.ActiveCfg = Release|Any CPU
		{EB695052-A3FE-4C65-A577-006413D26EF0}.Release|Any CPU.Build.0 = Release|Any CPU
		{56376A33-7212-4378-9655-9FA2DEAF9366}.Debug|Any CPU.ActiveCfg = Debug|Any CPU
		{56376A33-7212-4378-9655-9FA2DEAF9366}.Debug|Any CPU.Build.0 = Debug|Any CPU
		{56376A33-7212-4378-9655-9FA2DEAF9366}.Release|Any CPU.ActiveCfg = Release|Any CPU
		{56376A33-7212-4378-9655-9FA2DEAF9366}.Release|Any CPU.Build.0 = Release|Any CPU
		{56376A33-7212-4378-9655-9FA2DEAF9366}.Release|Any CPU.Deploy.0 = Release|Any CPU
		{F83B3E1C-0581-4B83-B210-F537EBF4A47C}.Debug|Any CPU.ActiveCfg = Debug|Any CPU
		{F83B3E1C-0581-4B83-B210-F537EBF4A47C}.Debug|Any CPU.Build.0 = Debug|Any CPU
		{F83B3E1C-0581-4B83-B210-F537EBF4A47C}.Release|Any CPU.ActiveCfg = Release|Any CPU
		{F83B3E1C-0581-4B83-B210-F537EBF4A47C}.Release|Any CPU.Build.0 = Release|Any CPU
		{11F0B579-8BB2-48DF-B131-07383BF64B9B}.Debug|Any CPU.ActiveCfg = Debug|Any CPU
		{11F0B579-8BB2-48DF-B131-07383BF64B9B}.Debug|Any CPU.Build.0 = Debug|Any CPU
		{11F0B579-8BB2-48DF-B131-07383BF64B9B}.Release|Any CPU.ActiveCfg = Release|Any CPU
		{11F0B579-8BB2-48DF-B131-07383BF64B9B}.Release|Any CPU.Build.0 = Release|Any CPU
		{76EAE3B7-CC33-4FC3-8512-EC4DF19B5440}.Debug|Any CPU.ActiveCfg = Debug|Any CPU
		{76EAE3B7-CC33-4FC3-8512-EC4DF19B5440}.Debug|Any CPU.Build.0 = Debug|Any CPU
		{76EAE3B7-CC33-4FC3-8512-EC4DF19B5440}.Release|Any CPU.ActiveCfg = Release|Any CPU
		{76EAE3B7-CC33-4FC3-8512-EC4DF19B5440}.Release|Any CPU.Build.0 = Release|Any CPU
	EndGlobalSection
EndGlobal
